# This file is autogenerated, do not edit; changes may be undone by the next 'dep ensure'.


[[projects]]
  digest = "1:6f87c0823c978a0ae67aee0975ed0bfeb34de1204dc669ebd1aae98a6572ae33"
  name = "github.com/apsdehal/go-logger"
  packages = ["."]
  pruneopts = "UT"
  revision = "7f202acc9de10d436c038053cfd7a60f6ae7e99a"
  version = "1.2.0"

[[projects]]
  digest = "1:be92ec29718173826e93930ae6cf7a0fc50ccd09e7f42ab2eb770d56c1557c55"
  name = "github.com/giantswarm/retry-go"
  packages = ["."]
  pruneopts = "UT"
  revision = "867bc2467430df5c49fb33e54d648f5fc0e73bf1"
  version = "0.5.0"

[[projects]]
  digest = "1:38ec74012390146c45af1f92d46e5382b50531247929ff3a685d2b2be65155ac"
  name = "github.com/gomodule/redigo"
  packages = [
    "internal",
    "redis",
  ]
  pruneopts = "UT"
  revision = "9c11da706d9b7902c6da69c592f75637793fe121"
  version = "v2.0.0"

[[projects]]
  branch = "master"
  digest = "1:926b6084b81f49359f67e48ef8b74f33ea8509afe8410d3b34789eaea02da898"
  name = "github.com/juju/errgo"
  packages = ["."]
  pruneopts = "UT"
  revision = "08cceb5d0b5331634b9826762a8fd53b29b86ad8"

[solve-meta]
  analyzer-name = "dep"
  analyzer-version = 1
  input-imports = [
    "github.com/apsdehal/go-logger",
    "github.com/giantswarm/retry-go",
    "github.com/gomodule/redigo/redis",
  ]
  solver-name = "gps-cdcl"
  solver-version = 1
